
Microsoft Visual Studio Solution File, Format Version 12.00
# Visual Studio Version 17
VisualStudioVersion = 17.8.34309.116
MinimumVisualStudioVersion = 10.0.40219.1
Project("{9A19103F-16F7-4668-BE54-9A1E7A4F7556}") = "MinecraftLaunch", "MinecraftLaunch\MinecraftLaunch.csproj", "{695112FD-D509-48BE-B050-0A4C1FFAC382}"
EndProject
Project("{2150E333-8FDC-42A3-9474-1A3956D46DE8}") = "Test", "Test", "{F9385EFD-59A2-459A-98BA-D86144303BEF}"
EndProject
Project("{9A19103F-16F7-4668-BE54-9A1E7A4F7556}") = "MinecraftLaunch.Test", "Tests\MinecraftLaunch.Test.csproj", "{72F099ED-FE08-4B26-A595-0EAF56F66C2B}"
EndProject
Global
	GlobalSection(SolutionConfigurationPlatforms) = preSolution
		Debug|Any CPU = Debug|Any CPU
		Debug|x64 = Debug|x64
		Release|Any CPU = Release|Any CPU
		Release|x64 = Release|x64
	EndGlobalSection
	GlobalSection(ProjectConfigurationPlatforms) = postSolution
		{695112FD-D509-48BE-B050-0A4C1FFAC382}.Debug|Any CPU.ActiveCfg = Debug|Any CPU
		{695112FD-D509-48BE-B050-0A4C1FFAC382}.Debug|Any CPU.Build.0 = Debug|Any CPU
		{695112FD-D509-48BE-B050-0A4C1FFAC382}.Debug|x64.ActiveCfg = Debug|Any CPU
		{695112FD-D509-48BE-B050-0A4C1FFAC382}.Debug|x64.Build.0 = Debug|Any CPU
		{695112FD-D509-48BE-B050-0A4C1FFAC382}.Release|Any CPU.ActiveCfg = Release|Any CPU
		{695112FD-D509-48BE-B050-0A4C1FFAC382}.Release|Any CPU.Build.0 = Release|Any CPU
		{695112FD-D509-48BE-B050-0A4C1FFAC382}.Release|x64.ActiveCfg = Release|Any CPU
		{695112FD-D509-48BE-B050-0A4C1FFAC382}.Release|x64.Build.0 = Release|Any CPU
		{72F099ED-FE08-4B26-A595-0EAF56F66C2B}.Debug|Any CPU.ActiveCfg = Debug|Any CPU
		{72F099ED-FE08-4B26-A595-0EAF56F66C2B}.Debug|Any CPU.Build.0 = Debug|Any CPU
		{72F099ED-FE08-4B26-A595-0EAF56F66C2B}.Debug|x64.ActiveCfg = Debug|Any CPU
		{72F099ED-FE08-4B26-A595-0EAF56F66C2B}.Debug|x64.Build.0 = Debug|Any CPU
		{72F099ED-FE08-4B26-A595-0EAF56F66C2B}.Release|Any CPU.ActiveCfg = Release|Any CPU
		{72F099ED-FE08-4B26-A595-0EAF56F66C2B}.Release|Any CPU.Build.0 = Release|Any CPU
		{72F099ED-FE08-4B26-A595-0EAF56F66C2B}.Release|x64.ActiveCfg = Release|Any CPU
		{72F099ED-FE08-4B26-A595-0EAF56F66C2B}.Release|x64.Build.0 = Release|Any CPU
	EndGlobalSection
	GlobalSection(SolutionProperties) = preSolution
		HideSolutionNode = FALSE
	EndGlobalSection
	GlobalSection(NestedProjects) = preSolution
		{72F099ED-FE08-4B26-A595-0EAF56F66C2B} = {F9385EFD-59A2-459A-98BA-D86144303BEF}
	EndGlobalSection
	GlobalSection(ExtensibilityGlobals) = postSolution
		SolutionGuid = {83925857-C3A4-4952-B8E4-1FEB591DC9F8}
	EndGlobalSection
EndGlobal
